// !$*UTF8*$!
{
	archiveVersion = 1;
	classes = {
	};
	objectVersion = 56;
	objects = {

/* Begin PBXBuildFile section */
		B45A3B482C6AF00C0048FAAD /* ListingDetailView.swift in Sources */ = {isa = PBXBuildFile; fileRef = B45A3B472C6AF00C0048FAAD /* ListingDetailView.swift */; };
		B45A3B4B2C6AF68D0048FAAD /* ListingImageCarouselView.swift in Sources */ = {isa = PBXBuildFile; fileRef = B45A3B4A2C6AF68D0048FAAD /* ListingImageCarouselView.swift */; };
		B4B3CB0D2C72C85200FB0D49 /* RatingView.swift in Sources */ = {isa = PBXBuildFile; fileRef = B4B3CB0C2C72C85200FB0D49 /* RatingView.swift */; };
		B4B3CB0F2C72CE1200FB0D49 /* HostInfoView.swift in Sources */ = {isa = PBXBuildFile; fileRef = B4B3CB0E2C72CE1200FB0D49 /* HostInfoView.swift */; };
		B4B3CB112C72CFDF00FB0D49 /* joffreyProfile.jpeg in Resources */ = {isa = PBXBuildFile; fileRef = B4B3CB102C72CFDF00FB0D49 /* joffreyProfile.jpeg */; };
		B4B3CB152C72D0F500FB0D49 /* HostInfoViewModel.swift in Sources */ = {isa = PBXBuildFile; fileRef = B4B3CB142C72D0F500FB0D49 /* HostInfoViewModel.swift */; };
		B4B3CB182C72D25900FB0D49 /* RatingViewModel.swift in Sources */ = {isa = PBXBuildFile; fileRef = B4B3CB172C72D25900FB0D49 /* RatingViewModel.swift */; };
		B4B3CB1A2C7C2FAA00FB0D49 /* ListingFeaturesView.swift in Sources */ = {isa = PBXBuildFile; fileRef = B4B3CB192C7C2FAA00FB0D49 /* ListingFeaturesView.swift */; };
		B4B3CB212C7C500200FB0D49 /* Listing.swift in Sources */ = {isa = PBXBuildFile; fileRef = B4B3CB202C7C500200FB0D49 /* Listing.swift */; };
		B4B3CB232C7C50B000FB0D49 /* ExploreViewModel.swift in Sources */ = {isa = PBXBuildFile; fileRef = B4B3CB222C7C50B000FB0D49 /* ExploreViewModel.swift */; };
		B4B3CB272C7C519200FB0D49 /* FetchListingsUseCase.swift in Sources */ = {isa = PBXBuildFile; fileRef = B4B3CB262C7C519200FB0D49 /* FetchListingsUseCase.swift */; };
		B4B3CB2D2C7C532400FB0D49 /* ListingsRepository.swift in Sources */ = {isa = PBXBuildFile; fileRef = B4B3CB2C2C7C532400FB0D49 /* ListingsRepository.swift */; };
		B4B3CB322C7D18CD00FB0D49 /* BedroomsView.swift in Sources */ = {isa = PBXBuildFile; fileRef = B4B3CB312C7D18CD00FB0D49 /* BedroomsView.swift */; };
		B4B3CB342C7D1ECE00FB0D49 /* AmenitiesView.swift in Sources */ = {isa = PBXBuildFile; fileRef = B4B3CB332C7D1ECE00FB0D49 /* AmenitiesView.swift */; };
		B4B3CB362C7D213500FB0D49 /* MapView.swift in Sources */ = {isa = PBXBuildFile; fileRef = B4B3CB352C7D213500FB0D49 /* MapView.swift */; };
		B4B3CB382C7D2EE700FB0D49 /* BottomFloatingView.swift in Sources */ = {isa = PBXBuildFile; fileRef = B4B3CB372C7D2EE600FB0D49 /* BottomFloatingView.swift */; };
		B4B3CB3B2C7E877300FB0D49 /* DetailSubheaderView.swift in Sources */ = {isa = PBXBuildFile; fileRef = B4B3CB3A2C7E877300FB0D49 /* DetailSubheaderView.swift */; };
		B4B3CB3D2C7E887A00FB0D49 /* DetailHeaderView.swift in Sources */ = {isa = PBXBuildFile; fileRef = B4B3CB3C2C7E887A00FB0D49 /* DetailHeaderView.swift */; };
		B4B3CB422C7EA1EF00FB0D49 /* WishlistsView.swift in Sources */ = {isa = PBXBuildFile; fileRef = B4B3CB412C7EA1EF00FB0D49 /* WishlistsView.swift */; };
		B4B3CB452C7EA54000FB0D49 /* TemplateButton.swift in Sources */ = {isa = PBXBuildFile; fileRef = B4B3CB442C7EA54000FB0D49 /* TemplateButton.swift */; };
		B4B3CB472C7EA78600FB0D49 /* NavButton.swift in Sources */ = {isa = PBXBuildFile; fileRef = B4B3CB462C7EA78600FB0D49 /* NavButton.swift */; };
		B4B3CB492C7EAF4F00FB0D49 /* TripsView.swift in Sources */ = {isa = PBXBuildFile; fileRef = B4B3CB482C7EAF4F00FB0D49 /* TripsView.swift */; };
		B4B3CB4C2C7EB13F00FB0D49 /* InboxView.swift in Sources */ = {isa = PBXBuildFile; fileRef = B4B3CB4B2C7EB13F00FB0D49 /* InboxView.swift */; };
		B4B3CB4F2C7EB27F00FB0D49 /* ProfileView.swift in Sources */ = {isa = PBXBuildFile; fileRef = B4B3CB4E2C7EB27F00FB0D49 /* ProfileView.swift */; };
		B4B3CB512C7FEE5400FB0D49 /* AirbnbFloatingView.swift in Sources */ = {isa = PBXBuildFile; fileRef = B4B3CB502C7FEE5400FB0D49 /* AirbnbFloatingView.swift */; };
		B4B3CB532C7FEECC00FB0D49 /* NoAccountView.swift in Sources */ = {isa = PBXBuildFile; fileRef = B4B3CB522C7FEECC00FB0D49 /* NoAccountView.swift */; };
		B4B3CB562C7FEFCC00FB0D49 /* ProfileViewModel.swift in Sources */ = {isa = PBXBuildFile; fileRef = B4B3CB552C7FEFCC00FB0D49 /* ProfileViewModel.swift */; };
		B4B3CB592C7FFC6500FB0D49 /* LoginView.swift in Sources */ = {isa = PBXBuildFile; fileRef = B4B3CB582C7FFC6500FB0D49 /* LoginView.swift */; };
		B4B3CB5B2C80111800FB0D49 /* LabelledDivider.swift in Sources */ = {isa = PBXBuildFile; fileRef = B4B3CB5A2C80111800FB0D49 /* LabelledDivider.swift */; };
		B4B3CB5D2C8012F100FB0D49 /* AlternateLoginButton.swift in Sources */ = {isa = PBXBuildFile; fileRef = B4B3CB5C2C8012F100FB0D49 /* AlternateLoginButton.swift */; };
		DE6332F92C6ABEEE00223522 /* AirBnbTutorialApp.swift in Sources */ = {isa = PBXBuildFile; fileRef = DE6332F82C6ABEEE00223522 /* AirBnbTutorialApp.swift */; };
		DE6332FB2C6ABEEE00223522 /* ContentView.swift in Sources */ = {isa = PBXBuildFile; fileRef = DE6332FA2C6ABEEE00223522 /* ContentView.swift */; };
		DE6332FD2C6ABEF000223522 /* Assets.xcassets in Resources */ = {isa = PBXBuildFile; fileRef = DE6332FC2C6ABEF000223522 /* Assets.xcassets */; };
		DE6333002C6ABEF000223522 /* Preview Assets.xcassets in Resources */ = {isa = PBXBuildFile; fileRef = DE6332FF2C6ABEF000223522 /* Preview Assets.xcassets */; };
		DE63330A2C6ABEF100223522 /* AirBnbTutorialTests.swift in Sources */ = {isa = PBXBuildFile; fileRef = DE6333092C6ABEF100223522 /* AirBnbTutorialTests.swift */; };
		DE6333142C6ABEF100223522 /* AirBnbTutorialUITests.swift in Sources */ = {isa = PBXBuildFile; fileRef = DE6333132C6ABEF100223522 /* AirBnbTutorialUITests.swift */; };
		DE6333162C6ABEF100223522 /* AirBnbTutorialUITestsLaunchTests.swift in Sources */ = {isa = PBXBuildFile; fileRef = DE6333152C6ABEF100223522 /* AirBnbTutorialUITestsLaunchTests.swift */; };
		DE63332F2C6AC08500223522 /* ExploreView.swift in Sources */ = {isa = PBXBuildFile; fileRef = DE63332E2C6AC08500223522 /* ExploreView.swift */; };
		DE6333312C6AC24800223522 /* ListingItemView.swift in Sources */ = {isa = PBXBuildFile; fileRef = DE6333302C6AC24800223522 /* ListingItemView.swift */; };
		DE6333332C6ACD4200223522 /* SearchAndFilterBar.swift in Sources */ = {isa = PBXBuildFile; fileRef = DE6333322C6ACD4200223522 /* SearchAndFilterBar.swift */; };
/* End PBXBuildFile section */

/* Begin PBXContainerItemProxy section */
		DE6333062C6ABEF100223522 /* PBXContainerItemProxy */ = {
			isa = PBXContainerItemProxy;
			containerPortal = DE6332ED2C6ABEEE00223522 /* Project object */;
			proxyType = 1;
			remoteGlobalIDString = DE6332F42C6ABEEE00223522;
			remoteInfo = AirBnbTutorial;
		};
		DE6333102C6ABEF100223522 /* PBXContainerItemProxy */ = {
			isa = PBXContainerItemProxy;
			containerPortal = DE6332ED2C6ABEEE00223522 /* Project object */;
			proxyType = 1;
			remoteGlobalIDString = DE6332F42C6ABEEE00223522;
			remoteInfo = AirBnbTutorial;
		};
/* End PBXContainerItemProxy section */

/* Begin PBXFileReference section */
		B45A3B472C6AF00C0048FAAD /* ListingDetailView.swift */ = {isa = PBXFileReference; lastKnownFileType = sourcecode.swift; path = ListingDetailView.swift; sourceTree = "<group>"; };
		B45A3B4A2C6AF68D0048FAAD /* ListingImageCarouselView.swift */ = {isa = PBXFileReference; lastKnownFileType = sourcecode.swift; path = ListingImageCarouselView.swift; sourceTree = "<group>"; };
		B4B3CB0C2C72C85200FB0D49 /* RatingView.swift */ = {isa = PBXFileReference; lastKnownFileType = sourcecode.swift; path = RatingView.swift; sourceTree = "<group>"; };
		B4B3CB0E2C72CE1200FB0D49 /* HostInfoView.swift */ = {isa = PBXFileReference; lastKnownFileType = sourcecode.swift; path = HostInfoView.swift; sourceTree = "<group>"; };
		B4B3CB102C72CFDF00FB0D49 /* joffreyProfile.jpeg */ = {isa = PBXFileReference; lastKnownFileType = image.jpeg; path = joffreyProfile.jpeg; sourceTree = "<group>"; };
		B4B3CB142C72D0F500FB0D49 /* HostInfoViewModel.swift */ = {isa = PBXFileReference; lastKnownFileType = sourcecode.swift; path = HostInfoViewModel.swift; sourceTree = "<group>"; };
		B4B3CB172C72D25900FB0D49 /* RatingViewModel.swift */ = {isa = PBXFileReference; lastKnownFileType = sourcecode.swift; path = RatingViewModel.swift; sourceTree = "<group>"; };
		B4B3CB192C7C2FAA00FB0D49 /* ListingFeaturesView.swift */ = {isa = PBXFileReference; lastKnownFileType = sourcecode.swift; path = ListingFeaturesView.swift; sourceTree = "<group>"; };
		B4B3CB202C7C500200FB0D49 /* Listing.swift */ = {isa = PBXFileReference; lastKnownFileType = sourcecode.swift; path = Listing.swift; sourceTree = "<group>"; };
		B4B3CB222C7C50B000FB0D49 /* ExploreViewModel.swift */ = {isa = PBXFileReference; lastKnownFileType = sourcecode.swift; path = ExploreViewModel.swift; sourceTree = "<group>"; };
		B4B3CB262C7C519200FB0D49 /* FetchListingsUseCase.swift */ = {isa = PBXFileReference; lastKnownFileType = sourcecode.swift; path = FetchListingsUseCase.swift; sourceTree = "<group>"; };
		B4B3CB2C2C7C532400FB0D49 /* ListingsRepository.swift */ = {isa = PBXFileReference; lastKnownFileType = sourcecode.swift; path = ListingsRepository.swift; sourceTree = "<group>"; };
		B4B3CB2F2C7C5A8E00FB0D49 /* Info.plist */ = {isa = PBXFileReference; lastKnownFileType = text.plist; path = Info.plist; sourceTree = "<group>"; };
		B4B3CB312C7D18CD00FB0D49 /* BedroomsView.swift */ = {isa = PBXFileReference; lastKnownFileType = sourcecode.swift; path = BedroomsView.swift; sourceTree = "<group>"; };
		B4B3CB332C7D1ECE00FB0D49 /* AmenitiesView.swift */ = {isa = PBXFileReference; lastKnownFileType = sourcecode.swift; path = AmenitiesView.swift; sourceTree = "<group>"; };
		B4B3CB352C7D213500FB0D49 /* MapView.swift */ = {isa = PBXFileReference; lastKnownFileType = sourcecode.swift; path = MapView.swift; sourceTree = "<group>"; };
		B4B3CB372C7D2EE600FB0D49 /* BottomFloatingView.swift */ = {isa = PBXFileReference; lastKnownFileType = sourcecode.swift; path = BottomFloatingView.swift; sourceTree = "<group>"; };
		B4B3CB3A2C7E877300FB0D49 /* DetailSubheaderView.swift */ = {isa = PBXFileReference; lastKnownFileType = sourcecode.swift; path = DetailSubheaderView.swift; sourceTree = "<group>"; };
		B4B3CB3C2C7E887A00FB0D49 /* DetailHeaderView.swift */ = {isa = PBXFileReference; lastKnownFileType = sourcecode.swift; path = DetailHeaderView.swift; sourceTree = "<group>"; };
		B4B3CB412C7EA1EF00FB0D49 /* WishlistsView.swift */ = {isa = PBXFileReference; lastKnownFileType = sourcecode.swift; path = WishlistsView.swift; sourceTree = "<group>"; };
		B4B3CB442C7EA54000FB0D49 /* TemplateButton.swift */ = {isa = PBXFileReference; lastKnownFileType = sourcecode.swift; path = TemplateButton.swift; sourceTree = "<group>"; };
		B4B3CB462C7EA78600FB0D49 /* NavButton.swift */ = {isa = PBXFileReference; lastKnownFileType = sourcecode.swift; path = NavButton.swift; sourceTree = "<group>"; };
		B4B3CB482C7EAF4F00FB0D49 /* TripsView.swift */ = {isa = PBXFileReference; lastKnownFileType = sourcecode.swift; path = TripsView.swift; sourceTree = "<group>"; };
		B4B3CB4B2C7EB13F00FB0D49 /* InboxView.swift */ = {isa = PBXFileReference; lastKnownFileType = sourcecode.swift; path = InboxView.swift; sourceTree = "<group>"; };
		B4B3CB4E2C7EB27F00FB0D49 /* ProfileView.swift */ = {isa = PBXFileReference; lastKnownFileType = sourcecode.swift; path = ProfileView.swift; sourceTree = "<group>"; };
		B4B3CB502C7FEE5400FB0D49 /* AirbnbFloatingView.swift */ = {isa = PBXFileReference; lastKnownFileType = sourcecode.swift; path = AirbnbFloatingView.swift; sourceTree = "<group>"; };
		B4B3CB522C7FEECC00FB0D49 /* NoAccountView.swift */ = {isa = PBXFileReference; lastKnownFileType = sourcecode.swift; path = NoAccountView.swift; sourceTree = "<group>"; };
		B4B3CB552C7FEFCC00FB0D49 /* ProfileViewModel.swift */ = {isa = PBXFileReference; lastKnownFileType = sourcecode.swift; path = ProfileViewModel.swift; sourceTree = "<group>"; };
		B4B3CB582C7FFC6500FB0D49 /* LoginView.swift */ = {isa = PBXFileReference; lastKnownFileType = sourcecode.swift; path = LoginView.swift; sourceTree = "<group>"; };
		B4B3CB5A2C80111800FB0D49 /* LabelledDivider.swift */ = {isa = PBXFileReference; lastKnownFileType = sourcecode.swift; path = LabelledDivider.swift; sourceTree = "<group>"; };
		B4B3CB5C2C8012F100FB0D49 /* AlternateLoginButton.swift */ = {isa = PBXFileReference; lastKnownFileType = sourcecode.swift; path = AlternateLoginButton.swift; sourceTree = "<group>"; };
		DE6332F52C6ABEEE00223522 /* AirBnbTutorial.app */ = {isa = PBXFileReference; explicitFileType = wrapper.application; includeInIndex = 0; path = AirBnbTutorial.app; sourceTree = BUILT_PRODUCTS_DIR; };
		DE6332F82C6ABEEE00223522 /* AirBnbTutorialApp.swift */ = {isa = PBXFileReference; lastKnownFileType = sourcecode.swift; path = AirBnbTutorialApp.swift; sourceTree = "<group>"; };
		DE6332FA2C6ABEEE00223522 /* ContentView.swift */ = {isa = PBXFileReference; lastKnownFileType = sourcecode.swift; path = ContentView.swift; sourceTree = "<group>"; };
		DE6332FC2C6ABEF000223522 /* Assets.xcassets */ = {isa = PBXFileReference; lastKnownFileType = folder.assetcatalog; path = Assets.xcassets; sourceTree = "<group>"; };
		DE6332FF2C6ABEF000223522 /* Preview Assets.xcassets */ = {isa = PBXFileReference; lastKnownFileType = folder.assetcatalog; path = "Preview Assets.xcassets"; sourceTree = "<group>"; };
		DE6333052C6ABEF100223522 /* AirBnbTutorialTests.xctest */ = {isa = PBXFileReference; explicitFileType = wrapper.cfbundle; includeInIndex = 0; path = AirBnbTutorialTests.xctest; sourceTree = BUILT_PRODUCTS_DIR; };
		DE6333092C6ABEF100223522 /* AirBnbTutorialTests.swift */ = {isa = PBXFileReference; lastKnownFileType = sourcecode.swift; path = AirBnbTutorialTests.swift; sourceTree = "<group>"; };
		DE63330F2C6ABEF100223522 /* AirBnbTutorialUITests.xctest */ = {isa = PBXFileReference; explicitFileType = wrapper.cfbundle; includeInIndex = 0; path = AirBnbTutorialUITests.xctest; sourceTree = BUILT_PRODUCTS_DIR; };
		DE6333132C6ABEF100223522 /* AirBnbTutorialUITests.swift */ = {isa = PBXFileReference; lastKnownFileType = sourcecode.swift; path = AirBnbTutorialUITests.swift; sourceTree = "<group>"; };
		DE6333152C6ABEF100223522 /* AirBnbTutorialUITestsLaunchTests.swift */ = {isa = PBXFileReference; lastKnownFileType = sourcecode.swift; path = AirBnbTutorialUITestsLaunchTests.swift; sourceTree = "<group>"; };
		DE63332E2C6AC08500223522 /* ExploreView.swift */ = {isa = PBXFileReference; lastKnownFileType = sourcecode.swift; path = ExploreView.swift; sourceTree = "<group>"; };
		DE6333302C6AC24800223522 /* ListingItemView.swift */ = {isa = PBXFileReference; lastKnownFileType = sourcecode.swift; path = ListingItemView.swift; sourceTree = "<group>"; };
		DE6333322C6ACD4200223522 /* SearchAndFilterBar.swift */ = {isa = PBXFileReference; lastKnownFileType = sourcecode.swift; path = SearchAndFilterBar.swift; sourceTree = "<group>"; };
/* End PBXFileReference section */

/* Begin PBXFrameworksBuildPhase section */
		DE6332F22C6ABEEE00223522 /* Frameworks */ = {
			isa = PBXFrameworksBuildPhase;
			buildActionMask = 2147483647;
			files = (
			);
			runOnlyForDeploymentPostprocessing = 0;
		};
		DE6333022C6ABEF100223522 /* Frameworks */ = {
			isa = PBXFrameworksBuildPhase;
			buildActionMask = 2147483647;
			files = (
			);
			runOnlyForDeploymentPostprocessing = 0;
		};
		DE63330C2C6ABEF100223522 /* Frameworks */ = {
			isa = PBXFrameworksBuildPhase;
			buildActionMask = 2147483647;
			files = (
			);
			runOnlyForDeploymentPostprocessing = 0;
		};
/* End PBXFrameworksBuildPhase section */

/* Begin PBXGroup section */
		B45A3B3E2C6AEBC10048FAAD /* App */ = {
			isa = PBXGroup;
			children = (
				DE6332F82C6ABEEE00223522 /* AirBnbTutorialApp.swift */,
			);
			path = App;
			sourceTree = "<group>";
		};
		B45A3B492C6AF66C0048FAAD /* Components */ = {
			isa = PBXGroup;
			children = (
				B4B3CB3F2C7E897100FB0D49 /* General */,
				B4B3CB3E2C7E896000FB0D49 /* Details */,
			);
			path = Components;
			sourceTree = "<group>";
		};
		B4B3CB122C72D0AD00FB0D49 /* View Models */ = {
			isa = PBXGroup;
			children = (
				B4B3CB542C7FEFA300FB0D49 /* Profile */,
				B4B3CB2E2C7C552E00FB0D49 /* Explore */,
				B4B3CB162C72D24E00FB0D49 /* Rating */,
				B4B3CB132C72D0BF00FB0D49 /* Host Info */,
			);
			path = "View Models";
			sourceTree = "<group>";
		};
		B4B3CB132C72D0BF00FB0D49 /* Host Info */ = {
			isa = PBXGroup;
			children = (
				B4B3CB142C72D0F500FB0D49 /* HostInfoViewModel.swift */,
			);
			path = "Host Info";
			sourceTree = "<group>";
		};
		B4B3CB162C72D24E00FB0D49 /* Rating */ = {
			isa = PBXGroup;
			children = (
				B4B3CB172C72D25900FB0D49 /* RatingViewModel.swift */,
			);
			path = Rating;
			sourceTree = "<group>";
		};
		B4B3CB1E2C7C4FE000FB0D49 /* Models */ = {
			isa = PBXGroup;
			children = (
				B4B3CB1F2C7C4FF500FB0D49 /* Listing */,
			);
			path = Models;
			sourceTree = "<group>";
		};
		B4B3CB1F2C7C4FF500FB0D49 /* Listing */ = {
			isa = PBXGroup;
			children = (
				B4B3CB202C7C500200FB0D49 /* Listing.swift */,
			);
			path = Listing;
			sourceTree = "<group>";
		};
		B4B3CB242C7C516200FB0D49 /* Use Cases */ = {
			isa = PBXGroup;
			children = (
				B4B3CB252C7C518000FB0D49 /* Fetch Listings */,
			);
			path = "Use Cases";
			sourceTree = "<group>";
		};
		B4B3CB252C7C518000FB0D49 /* Fetch Listings */ = {
			isa = PBXGroup;
			children = (
				B4B3CB262C7C519200FB0D49 /* FetchListingsUseCase.swift */,
			);
			path = "Fetch Listings";
			sourceTree = "<group>";
		};
		B4B3CB2A2C7C52F700FB0D49 /* Repository */ = {
			isa = PBXGroup;
			children = (
				B4B3CB2B2C7C52FF00FB0D49 /* Listings */,
			);
			path = Repository;
			sourceTree = "<group>";
		};
		B4B3CB2B2C7C52FF00FB0D49 /* Listings */ = {
			isa = PBXGroup;
			children = (
				B4B3CB2C2C7C532400FB0D49 /* ListingsRepository.swift */,
			);
			path = Listings;
			sourceTree = "<group>";
		};
		B4B3CB2E2C7C552E00FB0D49 /* Explore */ = {
			isa = PBXGroup;
			children = (
				B4B3CB222C7C50B000FB0D49 /* ExploreViewModel.swift */,
			);
			path = Explore;
			sourceTree = "<group>";
		};
		B4B3CB302C7D121100FB0D49 /* Views */ = {
			isa = PBXGroup;
			children = (
				B4B3CB4D2C7EB15300FB0D49 /* Inbox */,
				DE6333272C6ABFCA00223522 /* Explore */,
				DE6333282C6ABFD100223522 /* Listings */,
				B4B3CB432C7EA20400FB0D49 /* Wishlists */,
				B4B3CB4A2C7EAF5500FB0D49 /* Trips */,
				B4B3CB572C7FF99E00FB0D49 /* Profile */,
				B4B3CB5E2C801C5F00FB0D49 /* Login */,
			);
			path = Views;
			sourceTree = "<group>";
		};
		B4B3CB392C7E86FF00FB0D49 /* Details */ = {
			isa = PBXGroup;
			children = (
				B45A3B472C6AF00C0048FAAD /* ListingDetailView.swift */,
			);
			path = Details;
			sourceTree = "<group>";
		};
		B4B3CB3E2C7E896000FB0D49 /* Details */ = {
			isa = PBXGroup;
			children = (
				B4B3CB3A2C7E877300FB0D49 /* DetailSubheaderView.swift */,
				B4B3CB3C2C7E887A00FB0D49 /* DetailHeaderView.swift */,
				B4B3CB312C7D18CD00FB0D49 /* BedroomsView.swift */,
				B4B3CB332C7D1ECE00FB0D49 /* AmenitiesView.swift */,
				B4B3CB352C7D213500FB0D49 /* MapView.swift */,
				B4B3CB192C7C2FAA00FB0D49 /* ListingFeaturesView.swift */,
			);
			path = Details;
			sourceTree = "<group>";
		};
		B4B3CB3F2C7E897100FB0D49 /* General */ = {
			isa = PBXGroup;
			children = (
				B45A3B4A2C6AF68D0048FAAD /* ListingImageCarouselView.swift */,
				B4B3CB0C2C72C85200FB0D49 /* RatingView.swift */,
				B4B3CB0E2C72CE1200FB0D49 /* HostInfoView.swift */,
				B4B3CB372C7D2EE600FB0D49 /* BottomFloatingView.swift */,
				B4B3CB502C7FEE5400FB0D49 /* AirbnbFloatingView.swift */,
				B4B3CB522C7FEECC00FB0D49 /* NoAccountView.swift */,
				B4B3CB442C7EA54000FB0D49 /* TemplateButton.swift */,
				B4B3CB462C7EA78600FB0D49 /* NavButton.swift */,
				B4B3CB5C2C8012F100FB0D49 /* AlternateLoginButton.swift */,
				B4B3CB5A2C80111800FB0D49 /* LabelledDivider.swift */,
			);
			path = General;
			sourceTree = "<group>";
		};
		B4B3CB402C7E8A0600FB0D49 /* Dashboard */ = {
			isa = PBXGroup;
			children = (
				DE6333302C6AC24800223522 /* ListingItemView.swift */,
			);
			path = Dashboard;
			sourceTree = "<group>";
		};
		B4B3CB432C7EA20400FB0D49 /* Wishlists */ = {
			isa = PBXGroup;
			children = (
				B4B3CB412C7EA1EF00FB0D49 /* WishlistsView.swift */,
			);
			path = Wishlists;
			sourceTree = "<group>";
		};
		B4B3CB4A2C7EAF5500FB0D49 /* Trips */ = {
			isa = PBXGroup;
			children = (
				B4B3CB482C7EAF4F00FB0D49 /* TripsView.swift */,
			);
			path = Trips;
			sourceTree = "<group>";
		};
		B4B3CB4D2C7EB15300FB0D49 /* Inbox */ = {
			isa = PBXGroup;
			children = (
				B4B3CB4B2C7EB13F00FB0D49 /* InboxView.swift */,
			);
			path = Inbox;
			sourceTree = "<group>";
		};
		B4B3CB542C7FEFA300FB0D49 /* Profile */ = {
			isa = PBXGroup;
			children = (
				B4B3CB552C7FEFCC00FB0D49 /* ProfileViewModel.swift */,
			);
			path = Profile;
			sourceTree = "<group>";
		};
		B4B3CB572C7FF99E00FB0D49 /* Profile */ = {
			isa = PBXGroup;
			children = (
				B4B3CB4E2C7EB27F00FB0D49 /* ProfileView.swift */,
			);
			path = Profile;
			sourceTree = "<group>";
		};
		B4B3CB5E2C801C5F00FB0D49 /* Login */ = {
			isa = PBXGroup;
			children = (
				B4B3CB582C7FFC6500FB0D49 /* LoginView.swift */,
			);
			path = Login;
			sourceTree = "<group>";
		};
		DE6332EC2C6ABEEE00223522 = {
			isa = PBXGroup;
			children = (
				DE6332F72C6ABEEE00223522 /* AirBnbTutorial */,
				DE6333082C6ABEF100223522 /* AirBnbTutorialTests */,
				DE6333122C6ABEF100223522 /* AirBnbTutorialUITests */,
				DE6332F62C6ABEEE00223522 /* Products */,
			);
			sourceTree = "<group>";
		};
		DE6332F62C6ABEEE00223522 /* Products */ = {
			isa = PBXGroup;
			children = (
				DE6332F52C6ABEEE00223522 /* AirBnbTutorial.app */,
				DE6333052C6ABEF100223522 /* AirBnbTutorialTests.xctest */,
				DE63330F2C6ABEF100223522 /* AirBnbTutorialUITests.xctest */,
			);
			name = Products;
			sourceTree = "<group>";
		};
		DE6332F72C6ABEEE00223522 /* AirBnbTutorial */ = {
			isa = PBXGroup;
			children = (
				B4B3CB2F2C7C5A8E00FB0D49 /* Info.plist */,
				B4B3CB102C72CFDF00FB0D49 /* joffreyProfile.jpeg */,
				B45A3B3E2C6AEBC10048FAAD /* App */,
				DE6333232C6ABF2800223522 /* Core */,
				DE6332FA2C6ABEEE00223522 /* ContentView.swift */,
				DE6332FC2C6ABEF000223522 /* Assets.xcassets */,
				DE6332FE2C6ABEF000223522 /* Preview Content */,
			);
			path = AirBnbTutorial;
			sourceTree = "<group>";
		};
		DE6332FE2C6ABEF000223522 /* Preview Content */ = {
			isa = PBXGroup;
			children = (
				DE6332FF2C6ABEF000223522 /* Preview Assets.xcassets */,
			);
			path = "Preview Content";
			sourceTree = "<group>";
		};
		DE6333082C6ABEF100223522 /* AirBnbTutorialTests */ = {
			isa = PBXGroup;
			children = (
				DE6333092C6ABEF100223522 /* AirBnbTutorialTests.swift */,
			);
			path = AirBnbTutorialTests;
			sourceTree = "<group>";
		};
		DE6333122C6ABEF100223522 /* AirBnbTutorialUITests */ = {
			isa = PBXGroup;
			children = (
				DE6333132C6ABEF100223522 /* AirBnbTutorialUITests.swift */,
				DE6333152C6ABEF100223522 /* AirBnbTutorialUITestsLaunchTests.swift */,
			);
			path = AirBnbTutorialUITests;
			sourceTree = "<group>";
		};
		DE6333232C6ABF2800223522 /* Core */ = {
			isa = PBXGroup;
			children = (
				B4B3CB2A2C7C52F700FB0D49 /* Repository */,
				B4B3CB242C7C516200FB0D49 /* Use Cases */,
				B4B3CB1E2C7C4FE000FB0D49 /* Models */,
				B4B3CB122C72D0AD00FB0D49 /* View Models */,
				B45A3B492C6AF66C0048FAAD /* Components */,
				B4B3CB302C7D121100FB0D49 /* Views */,
			);
			path = Core;
			sourceTree = "<group>";
		};
		DE6333272C6ABFCA00223522 /* Explore */ = {
			isa = PBXGroup;
			children = (
				DE63332E2C6AC08500223522 /* ExploreView.swift */,
				DE6333322C6ACD4200223522 /* SearchAndFilterBar.swift */,
			);
			path = Explore;
			sourceTree = "<group>";
		};
		DE6333282C6ABFD100223522 /* Listings */ = {
			isa = PBXGroup;
			children = (
				B4B3CB402C7E8A0600FB0D49 /* Dashboard */,
				B4B3CB392C7E86FF00FB0D49 /* Details */,
			);
			path = Listings;
			sourceTree = "<group>";
		};
/* End PBXGroup section */

/* Begin PBXNativeTarget section */
		DE6332F42C6ABEEE00223522 /* AirBnbTutorial */ = {
			isa = PBXNativeTarget;
			buildConfigurationList = DE6333192C6ABEF100223522 /* Build configuration list for PBXNativeTarget "AirBnbTutorial" */;
			buildPhases = (
				DE6332F12C6ABEEE00223522 /* Sources */,
				DE6332F22C6ABEEE00223522 /* Frameworks */,
				DE6332F32C6ABEEE00223522 /* Resources */,
			);
			buildRules = (
			);
			dependencies = (
			);
			name = AirBnbTutorial;
			productName = AirBnbTutorial;
			productReference = DE6332F52C6ABEEE00223522 /* AirBnbTutorial.app */;
			productType = "com.apple.product-type.application";
		};
		DE6333042C6ABEF100223522 /* AirBnbTutorialTests */ = {
			isa = PBXNativeTarget;
			buildConfigurationList = DE63331C2C6ABEF100223522 /* Build configuration list for PBXNativeTarget "AirBnbTutorialTests" */;
			buildPhases = (
				DE6333012C6ABEF100223522 /* Sources */,
				DE6333022C6ABEF100223522 /* Frameworks */,
				DE6333032C6ABEF100223522 /* Resources */,
			);
			buildRules = (
			);
			dependencies = (
				DE6333072C6ABEF100223522 /* PBXTargetDependency */,
			);
			name = AirBnbTutorialTests;
			productName = AirBnbTutorialTests;
			productReference = DE6333052C6ABEF100223522 /* AirBnbTutorialTests.xctest */;
			productType = "com.apple.product-type.bundle.unit-test";
		};
		DE63330E2C6ABEF100223522 /* AirBnbTutorialUITests */ = {
			isa = PBXNativeTarget;
			buildConfigurationList = DE63331F2C6ABEF100223522 /* Build configuration list for PBXNativeTarget "AirBnbTutorialUITests" */;
			buildPhases = (
				DE63330B2C6ABEF100223522 /* Sources */,
				DE63330C2C6ABEF100223522 /* Frameworks */,
				DE63330D2C6ABEF100223522 /* Resources */,
			);
			buildRules = (
			);
			dependencies = (
				DE6333112C6ABEF100223522 /* PBXTargetDependency */,
			);
			name = AirBnbTutorialUITests;
			productName = AirBnbTutorialUITests;
			productReference = DE63330F2C6ABEF100223522 /* AirBnbTutorialUITests.xctest */;
			productType = "com.apple.product-type.bundle.ui-testing";
		};
/* End PBXNativeTarget section */

/* Begin PBXProject section */
		DE6332ED2C6ABEEE00223522 /* Project object */ = {
			isa = PBXProject;
			attributes = {
				BuildIndependentTargetsInParallel = 1;
				LastSwiftUpdateCheck = 1540;
				LastUpgradeCheck = 1540;
				TargetAttributes = {
					DE6332F42C6ABEEE00223522 = {
						CreatedOnToolsVersion = 15.4;
					};
					DE6333042C6ABEF100223522 = {
						CreatedOnToolsVersion = 15.4;
						TestTargetID = DE6332F42C6ABEEE00223522;
					};
					DE63330E2C6ABEF100223522 = {
						CreatedOnToolsVersion = 15.4;
						TestTargetID = DE6332F42C6ABEEE00223522;
					};
				};
			};
			buildConfigurationList = DE6332F02C6ABEEE00223522 /* Build configuration list for PBXProject "AirBnbTutorial" */;
			compatibilityVersion = "Xcode 14.0";
			developmentRegion = en;
			hasScannedForEncodings = 0;
			knownRegions = (
				en,
				Base,
			);
			mainGroup = DE6332EC2C6ABEEE00223522;
			productRefGroup = DE6332F62C6ABEEE00223522 /* Products */;
			projectDirPath = "";
			projectRoot = "";
			targets = (
				DE6332F42C6ABEEE00223522 /* AirBnbTutorial */,
				DE6333042C6ABEF100223522 /* AirBnbTutorialTests */,
				DE63330E2C6ABEF100223522 /* AirBnbTutorialUITests */,
			);
		};
/* End PBXProject section */

/* Begin PBXResourcesBuildPhase section */
		DE6332F32C6ABEEE00223522 /* Resources */ = {
			isa = PBXResourcesBuildPhase;
			buildActionMask = 2147483647;
			files = (
				B4B3CB112C72CFDF00FB0D49 /* joffreyProfile.jpeg in Resources */,
				DE6333002C6ABEF000223522 /* Preview Assets.xcassets in Resources */,
				DE6332FD2C6ABEF000223522 /* Assets.xcassets in Resources */,
			);
			runOnlyForDeploymentPostprocessing = 0;
		};
		DE6333032C6ABEF100223522 /* Resources */ = {
			isa = PBXResourcesBuildPhase;
			buildActionMask = 2147483647;
			files = (
			);
			runOnlyForDeploymentPostprocessing = 0;
		};
		DE63330D2C6ABEF100223522 /* Resources */ = {
			isa = PBXResourcesBuildPhase;
			buildActionMask = 2147483647;
			files = (
			);
			runOnlyForDeploymentPostprocessing = 0;
		};
/* End PBXResourcesBuildPhase section */

/* Begin PBXSourcesBuildPhase section */
		DE6332F12C6ABEEE00223522 /* Sources */ = {
			isa = PBXSourcesBuildPhase;
			buildActionMask = 2147483647;
			files = (
				B4B3CB232C7C50B000FB0D49 /* ExploreViewModel.swift in Sources */,
				B4B3CB1A2C7C2FAA00FB0D49 /* ListingFeaturesView.swift in Sources */,
				B45A3B4B2C6AF68D0048FAAD /* ListingImageCarouselView.swift in Sources */,
				DE6332FB2C6ABEEE00223522 /* ContentView.swift in Sources */,
				B4B3CB512C7FEE5400FB0D49 /* AirbnbFloatingView.swift in Sources */,
				B4B3CB152C72D0F500FB0D49 /* HostInfoViewModel.swift in Sources */,
				B4B3CB3B2C7E877300FB0D49 /* DetailSubheaderView.swift in Sources */,
				B4B3CB272C7C519200FB0D49 /* FetchListingsUseCase.swift in Sources */,
				DE6333312C6AC24800223522 /* ListingItemView.swift in Sources */,
				B4B3CB0D2C72C85200FB0D49 /* RatingView.swift in Sources */,
				B4B3CB182C72D25900FB0D49 /* RatingViewModel.swift in Sources */,
				DE63332F2C6AC08500223522 /* ExploreView.swift in Sources */,
				B4B3CB562C7FEFCC00FB0D49 /* ProfileViewModel.swift in Sources */,
				B4B3CB212C7C500200FB0D49 /* Listing.swift in Sources */,
				B4B3CB5D2C8012F100FB0D49 /* AlternateLoginButton.swift in Sources */,
				B4B3CB4F2C7EB27F00FB0D49 /* ProfileView.swift in Sources */,
				B4B3CB3D2C7E887A00FB0D49 /* DetailHeaderView.swift in Sources */,
				B4B3CB5B2C80111800FB0D49 /* LabelledDivider.swift in Sources */,
				DE6333332C6ACD4200223522 /* SearchAndFilterBar.swift in Sources */,
				B45A3B482C6AF00C0048FAAD /* ListingDetailView.swift in Sources */,
				B4B3CB422C7EA1EF00FB0D49 /* WishlistsView.swift in Sources */,
				B4B3CB4C2C7EB13F00FB0D49 /* InboxView.swift in Sources */,
				B4B3CB532C7FEECC00FB0D49 /* NoAccountView.swift in Sources */,
				B4B3CB2D2C7C532400FB0D49 /* ListingsRepository.swift in Sources */,
				B4B3CB492C7EAF4F00FB0D49 /* TripsView.swift in Sources */,
				B4B3CB322C7D18CD00FB0D49 /* BedroomsView.swift in Sources */,
				B4B3CB382C7D2EE700FB0D49 /* BottomFloatingView.swift in Sources */,
				B4B3CB362C7D213500FB0D49 /* MapView.swift in Sources */,
				B4B3CB0F2C72CE1200FB0D49 /* HostInfoView.swift in Sources */,
				B4B3CB342C7D1ECE00FB0D49 /* AmenitiesView.swift in Sources */,
				DE6332F92C6ABEEE00223522 /* AirBnbTutorialApp.swift in Sources */,
				B4B3CB452C7EA54000FB0D49 /* TemplateButton.swift in Sources */,
				B4B3CB592C7FFC6500FB0D49 /* LoginView.swift in Sources */,
				B4B3CB472C7EA78600FB0D49 /* NavButton.swift in Sources */,
			);
			runOnlyForDeploymentPostprocessing = 0;
		};
		DE6333012C6ABEF100223522 /* Sources */ = {
			isa = PBXSourcesBuildPhase;
			buildActionMask = 2147483647;
			files = (
				DE63330A2C6ABEF100223522 /* AirBnbTutorialTests.swift in Sources */,
			);
			runOnlyForDeploymentPostprocessing = 0;
		};
		DE63330B2C6ABEF100223522 /* Sources */ = {
			isa = PBXSourcesBuildPhase;
			buildActionMask = 2147483647;
			files = (
				DE6333162C6ABEF100223522 /* AirBnbTutorialUITestsLaunchTests.swift in Sources */,
				DE6333142C6ABEF100223522 /* AirBnbTutorialUITests.swift in Sources */,
			);
			runOnlyForDeploymentPostprocessing = 0;
		};
/* End PBXSourcesBuildPhase section */

/* Begin PBXTargetDependency section */
		DE6333072C6ABEF100223522 /* PBXTargetDependency */ = {
			isa = PBXTargetDependency;
			target = DE6332F42C6ABEEE00223522 /* AirBnbTutorial */;
			targetProxy = DE6333062C6ABEF100223522 /* PBXContainerItemProxy */;
		};
		DE6333112C6ABEF100223522 /* PBXTargetDependency */ = {
			isa = PBXTargetDependency;
			target = DE6332F42C6ABEEE00223522 /* AirBnbTutorial */;
			targetProxy = DE6333102C6ABEF100223522 /* PBXContainerItemProxy */;
		};
/* End PBXTargetDependency section */

/* Begin XCBuildConfiguration section */
		DE6333172C6ABEF100223522 /* Debug */ = {
			isa = XCBuildConfiguration;
			buildSettings = {
				ALWAYS_SEARCH_USER_PATHS = NO;
				ASSETCATALOG_COMPILER_GENERATE_SWIFT_ASSET_SYMBOL_EXTENSIONS = YES;
				CLANG_ANALYZER_NONNULL = YES;
				CLANG_ANALYZER_NUMBER_OBJECT_CONVERSION = YES_AGGRESSIVE;
				CLANG_CXX_LANGUAGE_STANDARD = "gnu++20";
				CLANG_ENABLE_MODULES = YES;
				CLANG_ENABLE_OBJC_ARC = YES;
				CLANG_ENABLE_OBJC_WEAK = YES;
				CLANG_WARN_BLOCK_CAPTURE_AUTORELEASING = YES;
				CLANG_WARN_BOOL_CONVERSION = YES;
				CLANG_WARN_COMMA = YES;
				CLANG_WARN_CONSTANT_CONVERSION = YES;
				CLANG_WARN_DEPRECATED_OBJC_IMPLEMENTATIONS = YES;
				CLANG_WARN_DIRECT_OBJC_ISA_USAGE = YES_ERROR;
				CLANG_WARN_DOCUMENTATION_COMMENTS = YES;
				CLANG_WARN_EMPTY_BODY = YES;
				CLANG_WARN_ENUM_CONVERSION = YES;
				CLANG_WARN_INFINITE_RECURSION = YES;
				CLANG_WARN_INT_CONVERSION = YES;
				CLANG_WARN_NON_LITERAL_NULL_CONVERSION = YES;
				CLANG_WARN_OBJC_IMPLICIT_RETAIN_SELF = YES;
				CLANG_WARN_OBJC_LITERAL_CONVERSION = YES;
				CLANG_WARN_OBJC_ROOT_CLASS = YES_ERROR;
				CLANG_WARN_QUOTED_INCLUDE_IN_FRAMEWORK_HEADER = YES;
				CLANG_WARN_RANGE_LOOP_ANALYSIS = YES;
				CLANG_WARN_STRICT_PROTOTYPES = YES;
				CLANG_WARN_SUSPICIOUS_MOVE = YES;
				CLANG_WARN_UNGUARDED_AVAILABILITY = YES_AGGRESSIVE;
				CLANG_WARN_UNREACHABLE_CODE = YES;
				CLANG_WARN__DUPLICATE_METHOD_MATCH = YES;
				COPY_PHASE_STRIP = NO;
				DEBUG_INFORMATION_FORMAT = dwarf;
				ENABLE_STRICT_OBJC_MSGSEND = YES;
				ENABLE_TESTABILITY = YES;
				ENABLE_USER_SCRIPT_SANDBOXING = YES;
				GCC_C_LANGUAGE_STANDARD = gnu17;
				GCC_DYNAMIC_NO_PIC = NO;
				GCC_NO_COMMON_BLOCKS = YES;
				GCC_OPTIMIZATION_LEVEL = 0;
				GCC_PREPROCESSOR_DEFINITIONS = (
					"DEBUG=1",
					"$(inherited)",
				);
				GCC_WARN_64_TO_32_BIT_CONVERSION = YES;
				GCC_WARN_ABOUT_RETURN_TYPE = YES_ERROR;
				GCC_WARN_UNDECLARED_SELECTOR = YES;
				GCC_WARN_UNINITIALIZED_AUTOS = YES_AGGRESSIVE;
				GCC_WARN_UNUSED_FUNCTION = YES;
				GCC_WARN_UNUSED_VARIABLE = YES;
				IPHONEOS_DEPLOYMENT_TARGET = 17.5;
				LOCALIZATION_PREFERS_STRING_CATALOGS = YES;
				MTL_ENABLE_DEBUG_INFO = INCLUDE_SOURCE;
				MTL_FAST_MATH = YES;
				ONLY_ACTIVE_ARCH = YES;
				SDKROOT = iphoneos;
				SWIFT_ACTIVE_COMPILATION_CONDITIONS = "DEBUG $(inherited)";
				SWIFT_OPTIMIZATION_LEVEL = "-Onone";
			};
			name = Debug;
		};
		DE6333182C6ABEF100223522 /* Release */ = {
			isa = XCBuildConfiguration;
			buildSettings = {
				ALWAYS_SEARCH_USER_PATHS = NO;
				ASSETCATALOG_COMPILER_GENERATE_SWIFT_ASSET_SYMBOL_EXTENSIONS = YES;
				CLANG_ANALYZER_NONNULL = YES;
				CLANG_ANALYZER_NUMBER_OBJECT_CONVERSION = YES_AGGRESSIVE;
				CLANG_CXX_LANGUAGE_STANDARD = "gnu++20";
				CLANG_ENABLE_MODULES = YES;
				CLANG_ENABLE_OBJC_ARC = YES;
				CLANG_ENABLE_OBJC_WEAK = YES;
				CLANG_WARN_BLOCK_CAPTURE_AUTORELEASING = YES;
				CLANG_WARN_BOOL_CONVERSION = YES;
				CLANG_WARN_COMMA = YES;
				CLANG_WARN_CONSTANT_CONVERSION = YES;
				CLANG_WARN_DEPRECATED_OBJC_IMPLEMENTATIONS = YES;
				CLANG_WARN_DIRECT_OBJC_ISA_USAGE = YES_ERROR;
				CLANG_WARN_DOCUMENTATION_COMMENTS = YES;
				CLANG_WARN_EMPTY_BODY = YES;
				CLANG_WARN_ENUM_CONVERSION = YES;
				CLANG_WARN_INFINITE_RECURSION = YES;
				CLANG_WARN_INT_CONVERSION = YES;
				CLANG_WARN_NON_LITERAL_NULL_CONVERSION = YES;
				CLANG_WARN_OBJC_IMPLICIT_RETAIN_SELF = YES;
				CLANG_WARN_OBJC_LITERAL_CONVERSION = YES;
				CLANG_WARN_OBJC_ROOT_CLASS = YES_ERROR;
				CLANG_WARN_QUOTED_INCLUDE_IN_FRAMEWORK_HEADER = YES;
				CLANG_WARN_RANGE_LOOP_ANALYSIS = YES;
				CLANG_WARN_STRICT_PROTOTYPES = YES;
				CLANG_WARN_SUSPICIOUS_MOVE = YES;
				CLANG_WARN_UNGUARDED_AVAILABILITY = YES_AGGRESSIVE;
				CLANG_WARN_UNREACHABLE_CODE = YES;
				CLANG_WARN__DUPLICATE_METHOD_MATCH = YES;
				COPY_PHASE_STRIP = NO;
				DEBUG_INFORMATION_FORMAT = "dwarf-with-dsym";
				ENABLE_NS_ASSERTIONS = NO;
				ENABLE_STRICT_OBJC_MSGSEND = YES;
				ENABLE_USER_SCRIPT_SANDBOXING = YES;
				GCC_C_LANGUAGE_STANDARD = gnu17;
				GCC_NO_COMMON_BLOCKS = YES;
				GCC_WARN_64_TO_32_BIT_CONVERSION = YES;
				GCC_WARN_ABOUT_RETURN_TYPE = YES_ERROR;
				GCC_WARN_UNDECLARED_SELECTOR = YES;
				GCC_WARN_UNINITIALIZED_AUTOS = YES_AGGRESSIVE;
				GCC_WARN_UNUSED_FUNCTION = YES;
				GCC_WARN_UNUSED_VARIABLE = YES;
				IPHONEOS_DEPLOYMENT_TARGET = 17.5;
				LOCALIZATION_PREFERS_STRING_CATALOGS = YES;
				MTL_ENABLE_DEBUG_INFO = NO;
				MTL_FAST_MATH = YES;
				SDKROOT = iphoneos;
				SWIFT_COMPILATION_MODE = wholemodule;
				VALIDATE_PRODUCT = YES;
			};
			name = Release;
		};
		DE63331A2C6ABEF100223522 /* Debug */ = {
			isa = XCBuildConfiguration;
			buildSettings = {
				ASSETCATALOG_COMPILER_APPICON_NAME = AppIcon;
				ASSETCATALOG_COMPILER_GLOBAL_ACCENT_COLOR_NAME = AccentColor;
				CODE_SIGN_STYLE = Automatic;
				CURRENT_PROJECT_VERSION = 1;
				DEVELOPMENT_ASSET_PATHS = "\"AirBnbTutorial/Preview Content\"";
				DEVELOPMENT_TEAM = K4XCB84M6V;
				ENABLE_PREVIEWS = YES;
				GENERATE_INFOPLIST_FILE = YES;
				INFOPLIST_FILE = AirBnbTutorial/Info.plist;
				INFOPLIST_KEY_UIApplicationSceneManifest_Generation = YES;
				INFOPLIST_KEY_UIApplicationSupportsIndirectInputEvents = YES;
				INFOPLIST_KEY_UILaunchScreen_Generation = YES;
				INFOPLIST_KEY_UISupportedInterfaceOrientations_iPad = "UIInterfaceOrientationPortrait UIInterfaceOrientationPortraitUpsideDown UIInterfaceOrientationLandscapeLeft UIInterfaceOrientationLandscapeRight";
				INFOPLIST_KEY_UISupportedInterfaceOrientations_iPhone = "UIInterfaceOrientationPortrait UIInterfaceOrientationLandscapeLeft UIInterfaceOrientationLandscapeRight";
				IPHONEOS_DEPLOYMENT_TARGET = 17.0;
				LD_RUNPATH_SEARCH_PATHS = (
					"$(inherited)",
					"@executable_path/Frameworks",
				);
				MARKETING_VERSION = 1.0;
				PRODUCT_BUNDLE_IDENTIFIER = com.subaru.telematics.MySubaru.AirBnbTutorial;
				PRODUCT_NAME = "$(TARGET_NAME)";
				SWIFT_EMIT_LOC_STRINGS = YES;
				SWIFT_VERSION = 5.0;
				TARGETED_DEVICE_FAMILY = "1,2";
			};
			name = Debug;
		};
		DE63331B2C6ABEF100223522 /* Release */ = {
			isa = XCBuildConfiguration;
			buildSettings = {
				ASSETCATALOG_COMPILER_APPICON_NAME = AppIcon;
				ASSETCATALOG_COMPILER_GLOBAL_ACCENT_COLOR_NAME = AccentColor;
				CODE_SIGN_STYLE = Automatic;
				CURRENT_PROJECT_VERSION = 1;
				DEVELOPMENT_ASSET_PATHS = "\"AirBnbTutorial/Preview Content\"";
				DEVELOPMENT_TEAM = K4XCB84M6V;
				ENABLE_PREVIEWS = YES;
				GENERATE_INFOPLIST_FILE = YES;
				INFOPLIST_FILE = AirBnbTutorial/Info.plist;
				INFOPLIST_KEY_UIApplicationSceneManifest_Generation = YES;
				INFOPLIST_KEY_UIApplicationSupportsIndirectInputEvents = YES;
				INFOPLIST_KEY_UILaunchScreen_Generation = YES;
				INFOPLIST_KEY_UISupportedInterfaceOrientations_iPad = "UIInterfaceOrientationPortrait UIInterfaceOrientationPortraitUpsideDown UIInterfaceOrientationLandscapeLeft UIInterfaceOrientationLandscapeRight";
				INFOPLIST_KEY_UISupportedInterfaceOrientations_iPhone = "UIInterfaceOrientationPortrait UIInterfaceOrientationLandscapeLeft UIInterfaceOrientationLandscapeRight";
				IPHONEOS_DEPLOYMENT_TARGET = 17.0;
				LD_RUNPATH_SEARCH_PATHS = (
					"$(inherited)",
					"@executable_path/Frameworks",
				);
				MARKETING_VERSION = 1.0;
				PRODUCT_BUNDLE_IDENTIFIER = com.subaru.telematics.MySubaru.AirBnbTutorial;
				PRODUCT_NAME = "$(TARGET_NAME)";
				SWIFT_EMIT_LOC_STRINGS = YES;
				SWIFT_VERSION = 5.0;
				TARGETED_DEVICE_FAMILY = "1,2";
			};
			name = Release;
		};
		DE63331D2C6ABEF100223522 /* Debug */ = {
			isa = XCBuildConfiguration;
			buildSettings = {
				ALWAYS_EMBED_SWIFT_STANDARD_LIBRARIES = YES;
				BUNDLE_LOADER = "$(TEST_HOST)";
				CODE_SIGN_STYLE = Automatic;
				CURRENT_PROJECT_VERSION = 1;
				DEVELOPMENT_TEAM = K4XCB84M6V;
				GENERATE_INFOPLIST_FILE = YES;
				IPHONEOS_DEPLOYMENT_TARGET = 17.5;
				MARKETING_VERSION = 1.0;
				PRODUCT_BUNDLE_IDENTIFIER = com.subaru.telematics.MySubaru.AirBnbTutorialTests;
				PRODUCT_NAME = "$(TARGET_NAME)";
				SWIFT_EMIT_LOC_STRINGS = NO;
				SWIFT_VERSION = 5.0;
				TARGETED_DEVICE_FAMILY = "1,2";
				TEST_HOST = "$(BUILT_PRODUCTS_DIR)/AirBnbTutorial.app/$(BUNDLE_EXECUTABLE_FOLDER_PATH)/AirBnbTutorial";
			};
			name = Debug;
		};
		DE63331E2C6ABEF100223522 /* Release */ = {
			isa = XCBuildConfiguration;
			buildSettings = {
				ALWAYS_EMBED_SWIFT_STANDARD_LIBRARIES = YES;
				BUNDLE_LOADER = "$(TEST_HOST)";
				CODE_SIGN_STYLE = Automatic;
				CURRENT_PROJECT_VERSION = 1;
				DEVELOPMENT_TEAM = K4XCB84M6V;
				GENERATE_INFOPLIST_FILE = YES;
				IPHONEOS_DEPLOYMENT_TARGET = 17.5;
				MARKETING_VERSION = 1.0;
				PRODUCT_BUNDLE_IDENTIFIER = com.subaru.telematics.MySubaru.AirBnbTutorialTests;
				PRODUCT_NAME = "$(TARGET_NAME)";
				SWIFT_EMIT_LOC_STRINGS = NO;
				SWIFT_VERSION = 5.0;
				TARGETED_DEVICE_FAMILY = "1,2";
				TEST_HOST = "$(BUILT_PRODUCTS_DIR)/AirBnbTutorial.app/$(BUNDLE_EXECUTABLE_FOLDER_PATH)/AirBnbTutorial";
			};
			name = Release;
		};
		DE6333202C6ABEF100223522 /* Debug */ = {
			isa = XCBuildConfiguration;
			buildSettings = {
				ALWAYS_EMBED_SWIFT_STANDARD_LIBRARIES = YES;
				CODE_SIGN_STYLE = Automatic;
				CURRENT_PROJECT_VERSION = 1;
				DEVELOPMENT_TEAM = K4XCB84M6V;
				GENERATE_INFOPLIST_FILE = YES;
				MARKETING_VERSION = 1.0;
				PRODUCT_BUNDLE_IDENTIFIER = com.subaru.telematics.MySubaru.AirBnbTutorialUITests;
				PRODUCT_NAME = "$(TARGET_NAME)";
				SWIFT_EMIT_LOC_STRINGS = NO;
				SWIFT_VERSION = 5.0;
				TARGETED_DEVICE_FAMILY = "1,2";
				TEST_TARGET_NAME = AirBnbTutorial;
			};
			name = Debug;
		};
		DE6333212C6ABEF100223522 /* Release */ = {
			isa = XCBuildConfiguration;
			buildSettings = {
				ALWAYS_EMBED_SWIFT_STANDARD_LIBRARIES = YES;
				CODE_SIGN_STYLE = Automatic;
				CURRENT_PROJECT_VERSION = 1;
				DEVELOPMENT_TEAM = K4XCB84M6V;
				GENERATE_INFOPLIST_FILE = YES;
				MARKETING_VERSION = 1.0;
				PRODUCT_BUNDLE_IDENTIFIER = com.subaru.telematics.MySubaru.AirBnbTutorialUITests;
				PRODUCT_NAME = "$(TARGET_NAME)";
				SWIFT_EMIT_LOC_STRINGS = NO;
				SWIFT_VERSION = 5.0;
				TARGETED_DEVICE_FAMILY = "1,2";
				TEST_TARGET_NAME = AirBnbTutorial;
			};
			name = Release;
		};
/* End XCBuildConfiguration section */

/* Begin XCConfigurationList section */
		DE6332F02C6ABEEE00223522 /* Build configuration list for PBXProject "AirBnbTutorial" */ = {
			isa = XCConfigurationList;
			buildConfigurations = (
				DE6333172C6ABEF100223522 /* Debug */,
				DE6333182C6ABEF100223522 /* Release */,
			);
			defaultConfigurationIsVisible = 0;
			defaultConfigurationName = Release;
		};
		DE6333192C6ABEF100223522 /* Build configuration list for PBXNativeTarget "AirBnbTutorial" */ = {
			isa = XCConfigurationList;
			buildConfigurations = (
				DE63331A2C6ABEF100223522 /* Debug */,
				DE63331B2C6ABEF100223522 /* Release */,
			);
			defaultConfigurationIsVisible = 0;
			defaultConfigurationName = Release;
		};
		DE63331C2C6ABEF100223522 /* Build configuration list for PBXNativeTarget "AirBnbTutorialTests" */ = {
			isa = XCConfigurationList;
			buildConfigurations = (
				DE63331D2C6ABEF100223522 /* Debug */,
				DE63331E2C6ABEF100223522 /* Release */,
			);
			defaultConfigurationIsVisible = 0;
			defaultConfigurationName = Release;
		};
		DE63331F2C6ABEF100223522 /* Build configuration list for PBXNativeTarget "AirBnbTutorialUITests" */ = {
			isa = XCConfigurationList;
			buildConfigurations = (
				DE6333202C6ABEF100223522 /* Debug */,
				DE6333212C6ABEF100223522 /* Release */,
			);
			defaultConfigurationIsVisible = 0;
			defaultConfigurationName = Release;
		};
/* End XCConfigurationList section */
	};
	rootObject = DE6332ED2C6ABEEE00223522 /* Project object */;
}
